{
  "name": "putevents",
  "version": "1.0.0",
  "lockfileVersion": 1,
  "requires": true,
  "dependencies": {
    "aws-embedded-metrics": {
      "version": "2.0.4",
      "resolved": "https://registry.npmjs.org/aws-embedded-metrics/-/aws-embedded-metrics-2.0.4.tgz",
      "integrity": "sha512-b4+3BC8e3DE3HdZkmzlozvS8wU45w9M+4eAd2R4Z62N+ihiCuwndEh15Yj/scCKRq/FTO3rfKnzlvUMsuJtzLg=="
    },
    "moment": {
      "version": "2.29.1",
      "resolved": "https://registry.npmjs.org/moment/-/moment-2.29.1.tgz",
      "integrity": "sha512-kHmoybcPV8Sqy59DwNDY3Jefr64lK/by/da0ViFcuA4DH0vQg5Q6Ze5VimxkfQNSC+Mls/Kx53s7TjP1RhFEDQ=="
    },
    "moment-timezone": {
      "version": "0.5.33",
      "resolved": "https://registry.npmjs.org/moment-timezone/-/moment-timezone-0.5.33.tgz",
      "integrity": "sha512-PTc2vcT8K9J5/9rDEPe5czSIKgLoGsH8UNpA4qZTVw0Vd/Uz19geE9abbIOQKaAQFcnQ3v5YEXrbSc5BpshH+w==",
      "requires": {
        "moment": ">= 2.9.0"
      }
    }
  }
}
